{
  "name": "c6e",
  "version": "0.7.3",
  "lockfileVersion": 1,
  "requires": true,
  "dependencies": {
    "algebrite": {
      "version": "0.2.23",
      "resolved": "https://registry.npmjs.org/algebrite/-/algebrite-0.2.23.tgz",
      "integrity": "sha1-4EkNfG6n3bDcRvyY0QJkFd/i2FM=",
      "requires": {
        "big-integer": "1.6.26"
      }
    },
    "big-integer": {
      "version": "1.6.26",
      "resolved": "https://registry.npmjs.org/big-integer/-/big-integer-1.6.26.tgz",
      "integrity": "sha1-OvFnL6Ytry1eyvrPblqg0l4Cwcg="
    },
    "c6": {
      "version": "0.1.0",
      "resolved": "https://registry.npmjs.org/c6/-/c6-0.1.0.tgz",
      "integrity": "sha1-rGu3uOuUnrTPpwas8Lu7XwSbwBk="
    },
    "j6": {
      "version": "1.0.2",
      "resolved": "https://registry.npmjs.org/j6/-/j6-1.0.2.tgz",
      "integrity": "sha1-SAiKyxxm9hC68uULQCjQky817Yk=",
      "requires": {
        "algebrite": "0.2.23",
        "jStat": "1.7.1",
        "lodash": "4.17.4",
        "numeric": "1.2.6"
      }
    },
    "jStat": {
      "version": "1.7.1",
      "resolved": "https://registry.npmjs.org/jStat/-/jStat-1.7.1.tgz",
      "integrity": "sha512-toueem/U5hyHM6pqe6OZOL/5P8MrY7Ss1K8Brg+TcfX+RAjDU/sbwy72fwzmLPQ5ykdBe1UEoWQHc7OSNWMUDQ=="
    },
    "lodash": {
      "version": "4.17.4",
      "resolved": "https://registry.npmjs.org/lodash/-/lodash-4.17.4.tgz",
      "integrity": "sha1-eCA6TRwyiuHYbcpkYONptX9AVa4="
    },
    "numeric": {
      "version": "1.2.6",
      "resolved": "https://registry.npmjs.org/numeric/-/numeric-1.2.6.tgz",
      "integrity": "sha1-dlsCvvl5iPz4gNTrPza4D6MTNao="
    }
  }
}
